github.com/GauravB159/aoc-go-utils v0.0.0-20241009013303-61957e9c650c h1:VfyBi/gz6E8yQ4TThXWkYal9DgmxH81sVy6/wu0drxY=
github.com/GauravB159/aoc-go-utils v0.0.0-20241009013303-61957e9c650c/go.mod h1:THvr7noT6GSOHJHAG2yGN++tlBYV77dTtfYXTQB5vmY=
github.com/GauravB159/aoc-go-utils v1.0.1 h1:HwcgpCzjL7YHVhHA1woC32yqWm0WXeavLbPtlAr8tAk=
github.com/GauravB159/aoc-go-utils v1.0.1/go.mod h1:THvr7noT6GSOHJHAG2yGN++tlBYV77dTtfYXTQB5vmY=
github.com/GauravB159/aoc-go-utils v1.0.3 h1:stf/fflFs8TvEExaLdtt99Vz8ab5YAGZUe14nqKtpF8=
github.com/GauravB159/aoc-go-utils v1.0.3/go.mod h1:THvr7noT6GSOHJHAG2yGN++tlBYV77dTtfYXTQB5vmY=
golang.org/x/exp v0.0.0-20241009180824-f66d83c29e7c h1:7dEasQXItcW1xKJ2+gg5VOiBnqWrJc+rq0DPKyvvdbY=
golang.org/x/exp v0.0.0-20241009180824-f66d83c29e7c/go.mod h1:NQtJDoLvd6faHhE7m4T/1IY708gDefGGjR/iUW8yQQ8=
